
Microsoft Visual Studio Solution File, Format Version 12.00
# Visual Studio Version 17
VisualStudioVersion = 17.2.32616.157
MinimumVisualStudioVersion = 10.0.40219.1
Project("{FAE04EC0-301F-11D3-BF4B-00C04F79EFBC}") = "homeCleaning", "homeCleaning\homeCleaning.csproj", "{FF0FCC34-1751-41AD-AE67-7B2A20F8FF06}"
EndProject
Project("{FAE04EC0-301F-11D3-BF4B-00C04F79EFBC}") = "HomeCleanUnit.Test", "HomeCleanUnit.Test\HomeCleanUnit.Test.csproj", "{70FBCB20-024E-4F28-9CE5-218ED0F81B54}"
EndProject
Global
	GlobalSection(SolutionConfigurationPlatforms) = preSolution
		Debug|Any CPU = Debug|Any CPU
		Release|Any CPU = Release|Any CPU
	EndGlobalSection
	GlobalSection(ProjectConfigurationPlatforms) = postSolution
		{FF0FCC34-1751-41AD-AE67-7B2A20F8FF06}.Debug|Any CPU.ActiveCfg = Debug|Any CPU
		{FF0FCC34-1751-41AD-AE67-7B2A20F8FF06}.Debug|Any CPU.Build.0 = Debug|Any CPU
		{FF0FCC34-1751-41AD-AE67-7B2A20F8FF06}.Release|Any CPU.ActiveCfg = Release|Any CPU
		{FF0FCC34-1751-41AD-AE67-7B2A20F8FF06}.Release|Any CPU.Build.0 = Release|Any CPU
		{70FBCB20-024E-4F28-9CE5-218ED0F81B54}.Debug|Any CPU.ActiveCfg = Debug|Any CPU
		{70FBCB20-024E-4F28-9CE5-218ED0F81B54}.Debug|Any CPU.Build.0 = Debug|Any CPU
		{70FBCB20-024E-4F28-9CE5-218ED0F81B54}.Release|Any CPU.ActiveCfg = Release|Any CPU
		{70FBCB20-024E-4F28-9CE5-218ED0F81B54}.Release|Any CPU.Build.0 = Release|Any CPU
	EndGlobalSection
	GlobalSection(SolutionProperties) = preSolution
		HideSolutionNode = FALSE
	EndGlobalSection
	GlobalSection(ExtensibilityGlobals) = postSolution
		SolutionGuid = {C8121489-6027-4731-9B34-5CA35906C1B4}
	EndGlobalSection
EndGlobal
