
Microsoft Visual Studio Solution File, Format Version 12.00
# Visual Studio Version 17
VisualStudioVersion = 17.0.32002.185
MinimumVisualStudioVersion = 10.0.40219.1
Project("{FAE04EC0-301F-11D3-BF4B-00C04F79EFBC}") = "homeCleaning", "homeCleaning\homeCleaning.csproj", "{FF0FCC34-1751-41AD-AE67-7B2A20F8FF06}"
EndProject
Project("{FAE04EC0-301F-11D3-BF4B-00C04F79EFBC}") = "HomeCleaningWebApp0", "HomeCleaningWebApp0\HomeCleaningWebApp0.csproj", "{5EC52AFA-9BD6-48FB-B56A-E97A6659708F}"
EndProject
Project("{FAE04EC0-301F-11D3-BF4B-00C04F79EFBC}") = "HomeCleaningLib", "HomeCleaningLib\HomeCleaningLib.csproj", "{A4FE02C6-7B45-45FA-A653-C56D7569A5B1}"
EndProject
Global
	GlobalSection(SolutionConfigurationPlatforms) = preSolution
		Debug|Any CPU = Debug|Any CPU
		Release|Any CPU = Release|Any CPU
	EndGlobalSection
	GlobalSection(ProjectConfigurationPlatforms) = postSolution
		{FF0FCC34-1751-41AD-AE67-7B2A20F8FF06}.Debug|Any CPU.ActiveCfg = Debug|Any CPU
		{FF0FCC34-1751-41AD-AE67-7B2A20F8FF06}.Debug|Any CPU.Build.0 = Debug|Any CPU
		{FF0FCC34-1751-41AD-AE67-7B2A20F8FF06}.Release|Any CPU.ActiveCfg = Release|Any CPU
		{FF0FCC34-1751-41AD-AE67-7B2A20F8FF06}.Release|Any CPU.Build.0 = Release|Any CPU
		{5EC52AFA-9BD6-48FB-B56A-E97A6659708F}.Debug|Any CPU.ActiveCfg = Debug|Any CPU
		{5EC52AFA-9BD6-48FB-B56A-E97A6659708F}.Debug|Any CPU.Build.0 = Debug|Any CPU
		{5EC52AFA-9BD6-48FB-B56A-E97A6659708F}.Release|Any CPU.ActiveCfg = Release|Any CPU
		{5EC52AFA-9BD6-48FB-B56A-E97A6659708F}.Release|Any CPU.Build.0 = Release|Any CPU
		{A4FE02C6-7B45-45FA-A653-C56D7569A5B1}.Debug|Any CPU.ActiveCfg = Debug|Any CPU
		{A4FE02C6-7B45-45FA-A653-C56D7569A5B1}.Debug|Any CPU.Build.0 = Debug|Any CPU
		{A4FE02C6-7B45-45FA-A653-C56D7569A5B1}.Release|Any CPU.ActiveCfg = Release|Any CPU
		{A4FE02C6-7B45-45FA-A653-C56D7569A5B1}.Release|Any CPU.Build.0 = Release|Any CPU
	EndGlobalSection
	GlobalSection(SolutionProperties) = preSolution
		HideSolutionNode = FALSE
	EndGlobalSection
	GlobalSection(ExtensibilityGlobals) = postSolution
		SolutionGuid = {C8121489-6027-4731-9B34-5CA35906C1B4}
	EndGlobalSection
EndGlobal
